
Microsoft Visual Studio Solution File, Format Version 12.00
# Visual Studio Version 17
VisualStudioVersion = 17.13.35818.85 d17.13
MinimumVisualStudioVersion = 10.0.40219.1
Project("{FAE04EC0-301F-11D3-BF4B-00C04F79EFBC}") = "EnglishLearningWebsite1", "EnglishLearningWebsite1\EnglishLearningWebsite1.csproj", "{41701232-4BFC-4E0B-8ECF-DC5DF7D6771C}"
EndProject
Global
	GlobalSection(SolutionConfigurationPlatforms) = preSolution
		Debug|Any CPU = Debug|Any CPU
		Release|Any CPU = Release|Any CPU
	EndGlobalSection
	GlobalSection(ProjectConfigurationPlatforms) = postSolution
		{41701232-4BFC-4E0B-8ECF-DC5DF7D6771C}.Debug|Any CPU.ActiveCfg = Debug|Any CPU
		{41701232-4BFC-4E0B-8ECF-DC5DF7D6771C}.Debug|Any CPU.Build.0 = Debug|Any CPU
		{41701232-4BFC-4E0B-8ECF-DC5DF7D6771C}.Release|Any CPU.ActiveCfg = Release|Any CPU
		{41701232-4BFC-4E0B-8ECF-DC5DF7D6771C}.Release|Any CPU.Build.0 = Release|Any CPU
	EndGlobalSection
	GlobalSection(SolutionProperties) = preSolution
		HideSolutionNode = FALSE
	EndGlobalSection
	GlobalSection(ExtensibilityGlobals) = postSolution
		SolutionGuid = {300F7432-6830-4F95-B95C-6952008F45FE}
	EndGlobalSection
EndGlobal
